
Microsoft Visual Studio Solution File, Format Version 12.00
# Visual Studio 2013
VisualStudioVersion = 12.0.21005.1
MinimumVisualStudioVersion = 10.0.40219.1
Project("{FAE04EC0-301F-11D3-BF4B-00C04F79EFBC}") = "Repaso02", "Repaso02\Repaso02.csproj", "{028EE2D4-748A-42D2-ABDC-2F40A9BDBC6D}"
EndProject
Project("{FAE04EC0-301F-11D3-BF4B-00C04F79EFBC}") = "Model", "Model\Model.csproj", "{63A45F77-107E-4F1C-AD11-24FCDCE79888}"
EndProject
Global
	GlobalSection(SolutionConfigurationPlatforms) = preSolution
		Debug|Any CPU = Debug|Any CPU
		Release|Any CPU = Release|Any CPU
	EndGlobalSection
	GlobalSection(ProjectConfigurationPlatforms) = postSolution
		{028EE2D4-748A-42D2-ABDC-2F40A9BDBC6D}.Debug|Any CPU.ActiveCfg = Debug|Any CPU
		{028EE2D4-748A-42D2-ABDC-2F40A9BDBC6D}.Debug|Any CPU.Build.0 = Debug|Any CPU
		{028EE2D4-748A-42D2-ABDC-2F40A9BDBC6D}.Release|Any CPU.ActiveCfg = Release|Any CPU
		{028EE2D4-748A-42D2-ABDC-2F40A9BDBC6D}.Release|Any CPU.Build.0 = Release|Any CPU
		{63A45F77-107E-4F1C-AD11-24FCDCE79888}.Debug|Any CPU.ActiveCfg = Debug|Any CPU
		{63A45F77-107E-4F1C-AD11-24FCDCE79888}.Debug|Any CPU.Build.0 = Debug|Any CPU
		{63A45F77-107E-4F1C-AD11-24FCDCE79888}.Release|Any CPU.ActiveCfg = Release|Any CPU
		{63A45F77-107E-4F1C-AD11-24FCDCE79888}.Release|Any CPU.Build.0 = Release|Any CPU
	EndGlobalSection
	GlobalSection(SolutionProperties) = preSolution
		HideSolutionNode = FALSE
	EndGlobalSection
EndGlobal
