
Microsoft Visual Studio Solution File, Format Version 12.00
# Visual Studio 2013
VisualStudioVersion = 12.0.21005.1
MinimumVisualStudioVersion = 10.0.40219.1
Project("{FAE04EC0-301F-11D3-BF4B-00C04F79EFBC}") = "Repaso06", "Repaso06\Repaso06.csproj", "{8EDDF374-6D62-4635-BCEE-50F43548DD6A}"
EndProject
Project("{FAE04EC0-301F-11D3-BF4B-00C04F79EFBC}") = "Model", "Model\Model.csproj", "{2E788F34-CD3E-4472-ABDA-55F9D28FE742}"
EndProject
Global
	GlobalSection(SolutionConfigurationPlatforms) = preSolution
		Debug|Any CPU = Debug|Any CPU
		Release|Any CPU = Release|Any CPU
	EndGlobalSection
	GlobalSection(ProjectConfigurationPlatforms) = postSolution
		{8EDDF374-6D62-4635-BCEE-50F43548DD6A}.Debug|Any CPU.ActiveCfg = Debug|Any CPU
		{8EDDF374-6D62-4635-BCEE-50F43548DD6A}.Debug|Any CPU.Build.0 = Debug|Any CPU
		{8EDDF374-6D62-4635-BCEE-50F43548DD6A}.Release|Any CPU.ActiveCfg = Release|Any CPU
		{8EDDF374-6D62-4635-BCEE-50F43548DD6A}.Release|Any CPU.Build.0 = Release|Any CPU
		{2E788F34-CD3E-4472-ABDA-55F9D28FE742}.Debug|Any CPU.ActiveCfg = Debug|Any CPU
		{2E788F34-CD3E-4472-ABDA-55F9D28FE742}.Debug|Any CPU.Build.0 = Debug|Any CPU
		{2E788F34-CD3E-4472-ABDA-55F9D28FE742}.Release|Any CPU.ActiveCfg = Release|Any CPU
		{2E788F34-CD3E-4472-ABDA-55F9D28FE742}.Release|Any CPU.Build.0 = Release|Any CPU
	EndGlobalSection
	GlobalSection(SolutionProperties) = preSolution
		HideSolutionNode = FALSE
	EndGlobalSection
EndGlobal
