
Microsoft Visual Studio Solution File, Format Version 12.00
# Visual Studio 2013
VisualStudioVersion = 12.0.21005.1
MinimumVisualStudioVersion = 10.0.40219.1
Project("{FAE04EC0-301F-11D3-BF4B-00C04F79EFBC}") = "Ejemplo07", "Ejemplo07\Ejemplo07.csproj", "{80EE9975-5F62-4FCE-BE39-C835EB063D9A}"
EndProject
Project("{FAE04EC0-301F-11D3-BF4B-00C04F79EFBC}") = "Model", "Model\Model.csproj", "{9CCDAD41-6F75-4C2C-AA38-A35AD6973914}"
EndProject
Global
	GlobalSection(SolutionConfigurationPlatforms) = preSolution
		Debug|Any CPU = Debug|Any CPU
		Release|Any CPU = Release|Any CPU
	EndGlobalSection
	GlobalSection(ProjectConfigurationPlatforms) = postSolution
		{80EE9975-5F62-4FCE-BE39-C835EB063D9A}.Debug|Any CPU.ActiveCfg = Debug|Any CPU
		{80EE9975-5F62-4FCE-BE39-C835EB063D9A}.Debug|Any CPU.Build.0 = Debug|Any CPU
		{80EE9975-5F62-4FCE-BE39-C835EB063D9A}.Release|Any CPU.ActiveCfg = Release|Any CPU
		{80EE9975-5F62-4FCE-BE39-C835EB063D9A}.Release|Any CPU.Build.0 = Release|Any CPU
		{9CCDAD41-6F75-4C2C-AA38-A35AD6973914}.Debug|Any CPU.ActiveCfg = Debug|Any CPU
		{9CCDAD41-6F75-4C2C-AA38-A35AD6973914}.Debug|Any CPU.Build.0 = Debug|Any CPU
		{9CCDAD41-6F75-4C2C-AA38-A35AD6973914}.Release|Any CPU.ActiveCfg = Release|Any CPU
		{9CCDAD41-6F75-4C2C-AA38-A35AD6973914}.Release|Any CPU.Build.0 = Release|Any CPU
	EndGlobalSection
	GlobalSection(SolutionProperties) = preSolution
		HideSolutionNode = FALSE
	EndGlobalSection
EndGlobal
