
Microsoft Visual Studio Solution File, Format Version 12.00
# Visual Studio 2013
VisualStudioVersion = 12.0.21005.1
MinimumVisualStudioVersion = 10.0.40219.1
Project("{FAE04EC0-301F-11D3-BF4B-00C04F79EFBC}") = "EjemplosRazor01", "EjemplosRazor01\EjemplosRazor01.csproj", "{FDFF8B70-6672-47E8-AB72-03E2C0E63D52}"
EndProject
Project("{FAE04EC0-301F-11D3-BF4B-00C04F79EFBC}") = "Model", "Model\Model.csproj", "{B6CDFF17-24BF-499E-9D2A-22271C5E60CC}"
EndProject
Global
	GlobalSection(SolutionConfigurationPlatforms) = preSolution
		Debug|Any CPU = Debug|Any CPU
		Release|Any CPU = Release|Any CPU
	EndGlobalSection
	GlobalSection(ProjectConfigurationPlatforms) = postSolution
		{FDFF8B70-6672-47E8-AB72-03E2C0E63D52}.Debug|Any CPU.ActiveCfg = Debug|Any CPU
		{FDFF8B70-6672-47E8-AB72-03E2C0E63D52}.Debug|Any CPU.Build.0 = Debug|Any CPU
		{FDFF8B70-6672-47E8-AB72-03E2C0E63D52}.Release|Any CPU.ActiveCfg = Release|Any CPU
		{FDFF8B70-6672-47E8-AB72-03E2C0E63D52}.Release|Any CPU.Build.0 = Release|Any CPU
		{B6CDFF17-24BF-499E-9D2A-22271C5E60CC}.Debug|Any CPU.ActiveCfg = Debug|Any CPU
		{B6CDFF17-24BF-499E-9D2A-22271C5E60CC}.Debug|Any CPU.Build.0 = Debug|Any CPU
		{B6CDFF17-24BF-499E-9D2A-22271C5E60CC}.Release|Any CPU.ActiveCfg = Release|Any CPU
		{B6CDFF17-24BF-499E-9D2A-22271C5E60CC}.Release|Any CPU.Build.0 = Release|Any CPU
	EndGlobalSection
	GlobalSection(SolutionProperties) = preSolution
		HideSolutionNode = FALSE
	EndGlobalSection
EndGlobal
